
Microsoft Visual Studio Solution File, Format Version 12.00
# Visual Studio Version 16
VisualStudioVersion = 16.0.30907.101
MinimumVisualStudioVersion = 10.0.40219.1
Project("{FAE04EC0-301F-11D3-BF4B-00C04F79EFBC}") = "DIS_Assignment4", "DIS_Assignment4.csproj", "{BEAE1E18-11CE-4E3A-AE9F-5FB3A80638F8}"
EndProject
Global
	GlobalSection(SolutionConfigurationPlatforms) = preSolution
		Debug|Any CPU = Debug|Any CPU
		Release|Any CPU = Release|Any CPU
	EndGlobalSection
	GlobalSection(ProjectConfigurationPlatforms) = postSolution
		{BEAE1E18-11CE-4E3A-AE9F-5FB3A80638F8}.Debug|Any CPU.ActiveCfg = Debug|Any CPU
		{BEAE1E18-11CE-4E3A-AE9F-5FB3A80638F8}.Debug|Any CPU.Build.0 = Debug|Any CPU
		{BEAE1E18-11CE-4E3A-AE9F-5FB3A80638F8}.Release|Any CPU.ActiveCfg = Release|Any CPU
		{BEAE1E18-11CE-4E3A-AE9F-5FB3A80638F8}.Release|Any CPU.Build.0 = Release|Any CPU
	EndGlobalSection
	GlobalSection(SolutionProperties) = preSolution
		HideSolutionNode = FALSE
	EndGlobalSection
	GlobalSection(ExtensibilityGlobals) = postSolution
		SolutionGuid = {029DAE63-D1FD-4073-A8AE-B90B3B78FECB}
	EndGlobalSection
EndGlobal
